
Microsoft Visual Studio Solution File, Format Version 12.00
# Visual Studio Version 17
VisualStudioVersion = 17.14.36414.22 d17.14
MinimumVisualStudioVersion = 10.0.40219.1
Project("{FAE04EC0-301F-11D3-BF4B-00C04F79EFBC}") = "Lab4WebApp", "Lab4WebApp\Lab4WebApp.csproj", "{08D18D94-2A95-4134-9C60-13CCD0A36333}"
EndProject
Global
	GlobalSection(SolutionConfigurationPlatforms) = preSolution
		Debug|Any CPU = Debug|Any CPU
		Release|Any CPU = Release|Any CPU
	EndGlobalSection
	GlobalSection(ProjectConfigurationPlatforms) = postSolution
		{08D18D94-2A95-4134-9C60-13CCD0A36333}.Debug|Any CPU.ActiveCfg = Debug|Any CPU
		{08D18D94-2A95-4134-9C60-13CCD0A36333}.Debug|Any CPU.Build.0 = Debug|Any CPU
		{08D18D94-2A95-4134-9C60-13CCD0A36333}.Release|Any CPU.ActiveCfg = Release|Any CPU
		{08D18D94-2A95-4134-9C60-13CCD0A36333}.Release|Any CPU.Build.0 = Release|Any CPU
	EndGlobalSection
	GlobalSection(SolutionProperties) = preSolution
		HideSolutionNode = FALSE
	EndGlobalSection
	GlobalSection(ExtensibilityGlobals) = postSolution
		SolutionGuid = {4345FFDD-E452-4F8E-BF6A-9A0E23DDDD0C}
	EndGlobalSection
EndGlobal
